
Microsoft Visual Studio Solution File, Format Version 12.00
# Visual Studio Version 16
VisualStudioVersion = 16.0.30517.126
MinimumVisualStudioVersion = 10.0.40219.1
Project("{FAE04EC0-301F-11D3-BF4B-00C04F79EFBC}") = "FormSaludoG3-2021-2", "FormSaludoG3-2021-2.csproj", "{3454A4B6-0986-4021-B948-BCE21C42CE60}"
EndProject
Global
	GlobalSection(SolutionConfigurationPlatforms) = preSolution
		Debug|Any CPU = Debug|Any CPU
		Release|Any CPU = Release|Any CPU
	EndGlobalSection
	GlobalSection(ProjectConfigurationPlatforms) = postSolution
		{3454A4B6-0986-4021-B948-BCE21C42CE60}.Debug|Any CPU.ActiveCfg = Debug|Any CPU
		{3454A4B6-0986-4021-B948-BCE21C42CE60}.Debug|Any CPU.Build.0 = Debug|Any CPU
		{3454A4B6-0986-4021-B948-BCE21C42CE60}.Release|Any CPU.ActiveCfg = Release|Any CPU
		{3454A4B6-0986-4021-B948-BCE21C42CE60}.Release|Any CPU.Build.0 = Release|Any CPU
	EndGlobalSection
	GlobalSection(SolutionProperties) = preSolution
		HideSolutionNode = FALSE
	EndGlobalSection
	GlobalSection(ExtensibilityGlobals) = postSolution
		SolutionGuid = {5E5C667C-EF48-4B7D-96E8-2457663E7AF0}
	EndGlobalSection
EndGlobal
